
Microsoft Visual Studio Solution File, Format Version 12.00
# Visual Studio 2013
VisualStudioVersion = 12.0.21005.1
MinimumVisualStudioVersion = 10.0.40219.1
Project("{FAE04EC0-301F-11D3-BF4B-00C04F79EFBC}") = "DataAccess", "DataAccess\DataAccess.csproj", "{E898FD5B-67B0-4E54-8B1D-788D627E23E5}"
EndProject
Project("{FAE04EC0-301F-11D3-BF4B-00C04F79EFBC}") = "UnitTests", "UnitTests\UnitTests.csproj", "{C674D463-29C5-4681-A8C1-624E6C79CB8F}"
EndProject
Project("{FAE04EC0-301F-11D3-BF4B-00C04F79EFBC}") = "Entities", "Entities\Entities.csproj", "{471BA1FC-F007-42AB-B648-74953ADE576C}"
EndProject
Project("{FAE04EC0-301F-11D3-BF4B-00C04F79EFBC}") = "TripExpenseService", "TripExpenseService\TripExpenseService.csproj", "{7AC0BE06-34D2-4C0A-A84E-8D2D744171C3}"
EndProject
Project("{FAE04EC0-301F-11D3-BF4B-00C04F79EFBC}") = "Business", "Business\Business.csproj", "{622D9BAE-A509-4CC1-AADD-D5594894EF0E}"
EndProject
Global
	GlobalSection(SolutionConfigurationPlatforms) = preSolution
		Debug|Any CPU = Debug|Any CPU
		Release|Any CPU = Release|Any CPU
	EndGlobalSection
	GlobalSection(ProjectConfigurationPlatforms) = postSolution
		{E898FD5B-67B0-4E54-8B1D-788D627E23E5}.Debug|Any CPU.ActiveCfg = Debug|Any CPU
		{E898FD5B-67B0-4E54-8B1D-788D627E23E5}.Debug|Any CPU.Build.0 = Debug|Any CPU
		{E898FD5B-67B0-4E54-8B1D-788D627E23E5}.Release|Any CPU.ActiveCfg = Release|Any CPU
		{E898FD5B-67B0-4E54-8B1D-788D627E23E5}.Release|Any CPU.Build.0 = Release|Any CPU
		{C674D463-29C5-4681-A8C1-624E6C79CB8F}.Debug|Any CPU.ActiveCfg = Debug|Any CPU
		{C674D463-29C5-4681-A8C1-624E6C79CB8F}.Debug|Any CPU.Build.0 = Debug|Any CPU
		{C674D463-29C5-4681-A8C1-624E6C79CB8F}.Release|Any CPU.ActiveCfg = Release|Any CPU
		{C674D463-29C5-4681-A8C1-624E6C79CB8F}.Release|Any CPU.Build.0 = Release|Any CPU
		{471BA1FC-F007-42AB-B648-74953ADE576C}.Debug|Any CPU.ActiveCfg = Debug|Any CPU
		{471BA1FC-F007-42AB-B648-74953ADE576C}.Debug|Any CPU.Build.0 = Debug|Any CPU
		{471BA1FC-F007-42AB-B648-74953ADE576C}.Release|Any CPU.ActiveCfg = Release|Any CPU
		{471BA1FC-F007-42AB-B648-74953ADE576C}.Release|Any CPU.Build.0 = Release|Any CPU
		{7AC0BE06-34D2-4C0A-A84E-8D2D744171C3}.Debug|Any CPU.ActiveCfg = Debug|Any CPU
		{7AC0BE06-34D2-4C0A-A84E-8D2D744171C3}.Debug|Any CPU.Build.0 = Debug|Any CPU
		{7AC0BE06-34D2-4C0A-A84E-8D2D744171C3}.Release|Any CPU.ActiveCfg = Release|Any CPU
		{7AC0BE06-34D2-4C0A-A84E-8D2D744171C3}.Release|Any CPU.Build.0 = Release|Any CPU
		{622D9BAE-A509-4CC1-AADD-D5594894EF0E}.Debug|Any CPU.ActiveCfg = Debug|Any CPU
		{622D9BAE-A509-4CC1-AADD-D5594894EF0E}.Debug|Any CPU.Build.0 = Debug|Any CPU
		{622D9BAE-A509-4CC1-AADD-D5594894EF0E}.Release|Any CPU.ActiveCfg = Release|Any CPU
		{622D9BAE-A509-4CC1-AADD-D5594894EF0E}.Release|Any CPU.Build.0 = Release|Any CPU
	EndGlobalSection
	GlobalSection(SolutionProperties) = preSolution
		HideSolutionNode = FALSE
	EndGlobalSection
EndGlobal
